
Microsoft Visual Studio Solution File, Format Version 12.00
# Visual Studio Version 17
VisualStudioVersion = 17.0.31903.59
MinimumVisualStudioVersion = 10.0.40219.1
Project("{9A19103F-16F7-4668-BE54-9A1E7A4F7556}") = "Arca", "Arca\Arca.csproj", "{8A8ABE81-D2A0-447F-85E4-606A6CAB2E22}"
EndProject
Project("{9A19103F-16F7-4668-BE54-9A1E7A4F7556}") = "ArcaStandard", "ArcaStandard\ArcaStandard.csproj", "{A7FF011C-5234-4E6E-A960-91F1D4402EC7}"
EndProject
Project("{8BC9CEB8-8B4A-11D0-8D11-00A0C91BC942}") = "Arcai", "Arcai\Arcai.vcxproj", "{B337F7F0-F392-45F0-A783-EAE1DB4F7F8D}"
EndProject
Global
	GlobalSection(SolutionConfigurationPlatforms) = preSolution
		Debug|Any CPU = Debug|Any CPU
		Debug|x64 = Debug|x64
		Debug|x86 = Debug|x86
		Release|Any CPU = Release|Any CPU
		Release|x64 = Release|x64
		Release|x86 = Release|x86
	EndGlobalSection
	GlobalSection(ProjectConfigurationPlatforms) = postSolution
		{8A8ABE81-D2A0-447F-85E4-606A6CAB2E22}.Debug|Any CPU.ActiveCfg = Debug|Any CPU
		{8A8ABE81-D2A0-447F-85E4-606A6CAB2E22}.Debug|Any CPU.Build.0 = Debug|Any CPU
		{8A8ABE81-D2A0-447F-85E4-606A6CAB2E22}.Debug|x64.ActiveCfg = Debug|Any CPU
		{8A8ABE81-D2A0-447F-85E4-606A6CAB2E22}.Debug|x64.Build.0 = Debug|Any CPU
		{8A8ABE81-D2A0-447F-85E4-606A6CAB2E22}.Debug|x86.ActiveCfg = Debug|Any CPU
		{8A8ABE81-D2A0-447F-85E4-606A6CAB2E22}.Debug|x86.Build.0 = Debug|Any CPU
		{8A8ABE81-D2A0-447F-85E4-606A6CAB2E22}.Release|Any CPU.ActiveCfg = Release|Any CPU
		{8A8ABE81-D2A0-447F-85E4-606A6CAB2E22}.Release|Any CPU.Build.0 = Release|Any CPU
		{8A8ABE81-D2A0-447F-85E4-606A6CAB2E22}.Release|x64.ActiveCfg = Release|Any CPU
		{8A8ABE81-D2A0-447F-85E4-606A6CAB2E22}.Release|x64.Build.0 = Release|Any CPU
		{8A8ABE81-D2A0-447F-85E4-606A6CAB2E22}.Release|x86.ActiveCfg = Release|Any CPU
		{8A8ABE81-D2A0-447F-85E4-606A6CAB2E22}.Release|x86.Build.0 = Release|Any CPU
		{A7FF011C-5234-4E6E-A960-91F1D4402EC7}.Debug|Any CPU.ActiveCfg = Debug|Any CPU
		{A7FF011C-5234-4E6E-A960-91F1D4402EC7}.Debug|Any CPU.Build.0 = Debug|Any CPU
		{A7FF011C-5234-4E6E-A960-91F1D4402EC7}.Debug|x64.ActiveCfg = Debug|Any CPU
		{A7FF011C-5234-4E6E-A960-91F1D4402EC7}.Debug|x64.Build.0 = Debug|Any CPU
		{A7FF011C-5234-4E6E-A960-91F1D4402EC7}.Debug|x86.ActiveCfg = Debug|Any CPU
		{A7FF011C-5234-4E6E-A960-91F1D4402EC7}.Debug|x86.Build.0 = Debug|Any CPU
		{A7FF011C-5234-4E6E-A960-91F1D4402EC7}.Release|Any CPU.ActiveCfg = Release|Any CPU
		{A7FF011C-5234-4E6E-A960-91F1D4402EC7}.Release|Any CPU.Build.0 = Release|Any CPU
		{A7FF011C-5234-4E6E-A960-91F1D4402EC7}.Release|x64.ActiveCfg = Release|Any CPU
		{A7FF011C-5234-4E6E-A960-91F1D4402EC7}.Release|x64.Build.0 = Release|Any CPU
		{A7FF011C-5234-4E6E-A960-91F1D4402EC7}.Release|x86.ActiveCfg = Release|Any CPU
		{A7FF011C-5234-4E6E-A960-91F1D4402EC7}.Release|x86.Build.0 = Release|Any CPU
		{B337F7F0-F392-45F0-A783-EAE1DB4F7F8D}.Debug|Any CPU.ActiveCfg = Debug|x64
		{B337F7F0-F392-45F0-A783-EAE1DB4F7F8D}.Debug|Any CPU.Build.0 = Debug|x64
		{B337F7F0-F392-45F0-A783-EAE1DB4F7F8D}.Debug|x64.ActiveCfg = Debug|x64
		{B337F7F0-F392-45F0-A783-EAE1DB4F7F8D}.Debug|x64.Build.0 = Debug|x64
		{B337F7F0-F392-45F0-A783-EAE1DB4F7F8D}.Debug|x86.ActiveCfg = Debug|Win32
		{B337F7F0-F392-45F0-A783-EAE1DB4F7F8D}.Debug|x86.Build.0 = Debug|Win32
		{B337F7F0-F392-45F0-A783-EAE1DB4F7F8D}.Release|Any CPU.ActiveCfg = Release|x64
		{B337F7F0-F392-45F0-A783-EAE1DB4F7F8D}.Release|Any CPU.Build.0 = Release|x64
		{B337F7F0-F392-45F0-A783-EAE1DB4F7F8D}.Release|x64.ActiveCfg = Release|x64
		{B337F7F0-F392-45F0-A783-EAE1DB4F7F8D}.Release|x64.Build.0 = Release|x64
		{B337F7F0-F392-45F0-A783-EAE1DB4F7F8D}.Release|x86.ActiveCfg = Release|Win32
		{B337F7F0-F392-45F0-A783-EAE1DB4F7F8D}.Release|x86.Build.0 = Release|Win32
	EndGlobalSection
	GlobalSection(SolutionProperties) = preSolution
		HideSolutionNode = FALSE
	EndGlobalSection
	GlobalSection(ExtensibilityGlobals) = postSolution
		SolutionGuid = {067E4580-0FEB-4E24-BAD4-44E7E67BF68B}
	EndGlobalSection
EndGlobal
